
Microsoft Visual Studio Solution File, Format Version 12.00
# Visual Studio 15
VisualStudioVersion = 15.0.26430.15
MinimumVisualStudioVersion = 10.0.40219.1
Project("{FAE04EC0-301F-11D3-BF4B-00C04F79EFBC}") = "Shapes", "Shapes\Shapes.csproj", "{139B17E0-6008-40ED-A16D-7A1096AF47F3}"
EndProject
Project("{FAE04EC0-301F-11D3-BF4B-00C04F79EFBC}") = "Cars", "Cars\Cars.csproj", "{9DEED634-6E6A-431E-90DD-C45C0C334968}"
EndProject
Project("{FAE04EC0-301F-11D3-BF4B-00C04F79EFBC}") = "DefineIPerson", "IPerson\DefineIPerson.csproj", "{58C3AA0D-FF20-4ACF-8470-FF4B32563227}"
EndProject
Project("{FAE04EC0-301F-11D3-BF4B-00C04F79EFBC}") = "FerrariTask", "FerrariTask\FerrariTask.csproj", "{B39CB452-A453-46BB-8B79-082A7880530A}"
EndProject
Project("{FAE04EC0-301F-11D3-BF4B-00C04F79EFBC}") = "Telephony", "Telephony\Telephony.csproj", "{5BE770FE-8397-465D-9554-55D98E20446A}"
EndProject
Project("{FAE04EC0-301F-11D3-BF4B-00C04F79EFBC}") = "BorderControl", "Border Control\BorderControl.csproj", "{BB8ED5EE-211D-4820-923D-7D58920103B3}"
EndProject
Project("{FAE04EC0-301F-11D3-BF4B-00C04F79EFBC}") = "Millitary Elite", "Millitary Elite\Millitary Elite.csproj", "{CC70CED3-560F-4974-B2AD-FA96ECCF5835}"
EndProject
Project("{FAE04EC0-301F-11D3-BF4B-00C04F79EFBC}") = "BoxT", "BoxT\BoxT.csproj", "{F36CAD56-4C3D-4A97-9209-2EA85BA6A371}"
EndProject
Project("{FAE04EC0-301F-11D3-BF4B-00C04F79EFBC}") = "ArrayCfromT", "ArrayCfromT\ArrayCfromT.csproj", "{09585413-2D28-4A35-8F3C-F7F20EE2EF0B}"
EndProject
Project("{FAE04EC0-301F-11D3-BF4B-00C04F79EFBC}") = "ScaleTask", "ScaleTask\ScaleTask.csproj", "{948B6E13-3A69-4338-9C73-993DB9BACA5C}"
EndProject
Project("{FAE04EC0-301F-11D3-BF4B-00C04F79EFBC}") = "GenericBox", "GenericBox\GenericBox.csproj", "{705989F2-36ED-4184-BA44-C7C88AEEE168}"
EndProject
Project("{FAE04EC0-301F-11D3-BF4B-00C04F79EFBC}") = "CustomListTask", "CustomListTask\CustomListTask.csproj", "{9E7B1872-C6A7-4302-A440-8DC83A58F7BD}"
EndProject
Project("{FAE04EC0-301F-11D3-BF4B-00C04F79EFBC}") = "Tuples", "Tuples\Tuples.csproj", "{35DDDE98-7D58-4DE1-8C0D-00EE1C3B08AB}"
EndProject
Project("{FAE04EC0-301F-11D3-BF4B-00C04F79EFBC}") = "LibraryTask", "Library\LibraryTask.csproj", "{C31C90D4-76A1-4B7F-A3EF-FE9A12A3106B}"
EndProject
Project("{FAE04EC0-301F-11D3-BF4B-00C04F79EFBC}") = "01. ListyIterator", "01. ListyIterator\01. ListyIterator.csproj", "{151C8A20-B579-4A2A-BACB-4750105FE04D}"
EndProject
Project("{FAE04EC0-301F-11D3-BF4B-00C04F79EFBC}") = "CustomStackTask", "CustomStackTask\CustomStackTask.csproj", "{B20EB317-92CC-4423-ABF9-837829D6209D}"
EndProject
Project("{FAE04EC0-301F-11D3-BF4B-00C04F79EFBC}") = "CompareObjs", "CompareObjs\CompareObjs.csproj", "{9B9F4604-E746-462B-92B1-1E108F7DC51B}"
EndProject
Project("{FAE04EC0-301F-11D3-BF4B-00C04F79EFBC}") = "Froggy", "Froggy\Froggy.csproj", "{18AD35F5-E207-47B7-9CEA-60F587A30891}"
EndProject
Project("{FAE04EC0-301F-11D3-BF4B-00C04F79EFBC}") = "StrategyPattern", "StrategyPattern\StrategyPattern.csproj", "{337FFDBE-136A-4110-B68E-0B05DA430033}"
EndProject
Project("{2150E333-8FDC-42A3-9474-1A3956D46DE8}") = "Enumerations", "Enumerations", "{0EF391AA-EEE7-465D-A17B-BCF2E86DB421}"
EndProject
Project("{FAE04EC0-301F-11D3-BF4B-00C04F79EFBC}") = "Weekdays", "Weekdays\Weekdays.csproj", "{7EFAAD10-07D2-4FAD-AC0F-0C97C445B354}"
EndProject
Project("{FAE04EC0-301F-11D3-BF4B-00C04F79EFBC}") = "CoffeeMachineTask", "CoffeeMachine\CoffeeMachineTask.csproj", "{D018F1CA-7A87-43F7-B0F8-C90DFF578116}"
EndProject
Project("{FAE04EC0-301F-11D3-BF4B-00C04F79EFBC}") = "SoftUniAttribute", "SoftUniAttribute\SoftUniAttribute.csproj", "{4B12BDB2-F5BD-49B4-9AF4-91D78FF438EB}"
EndProject
Project("{2150E333-8FDC-42A3-9474-1A3956D46DE8}") = "Generics", "Generics", "{26B588F0-2F84-412A-A0AA-6304F2268302}"
EndProject
Project("{2150E333-8FDC-42A3-9474-1A3956D46DE8}") = "Comparators", "Comparators", "{C1388B77-D59B-446F-9131-F7A548A0F626}"
EndProject
Project("{FAE04EC0-301F-11D3-BF4B-00C04F79EFBC}") = "CardTasks", "CardTasks\CardTasks.csproj", "{BEF068E8-57C3-4C2F-AB31-50DEA2E76A83}"
EndProject
Project("{FAE04EC0-301F-11D3-BF4B-00C04F79EFBC}") = "Inferno", "Inferno\Inferno.csproj", "{632A09CA-F861-4B68-9584-3A46A680BD1B}"
EndProject
Project("{2150E333-8FDC-42A3-9474-1A3956D46DE8}") = "Reflection", "Reflection", "{DFEB0202-C616-451F-B230-536379250730}"
EndProject
Project("{FAE04EC0-301F-11D3-BF4B-00C04F79EFBC}") = "Stealer", "Stealer\Stealer.csproj", "{E53DA542-797E-49D0-B6C9-357D62C5BEA5}"
EndProject
Project("{FAE04EC0-301F-11D3-BF4B-00C04F79EFBC}") = "01HarestingFields", "01HarestingFields\01HarestingFields.csproj", "{7F012308-C208-4E3D-97AA-1AB63A28AEE6}"
EndProject
Project("{FAE04EC0-301F-11D3-BF4B-00C04F79EFBC}") = "02BlackBoxInteger", "02BlackBoxInteger\02BlackBoxInteger.csproj", "{56403F2F-210D-4F01-AC6C-A31B8CBB305B}"
EndProject
Project("{FAE04EC0-301F-11D3-BF4B-00C04F79EFBC}") = "03BarracksFactory", "03BarracksFactory\03BarracksFactory.csproj", "{6B9565B7-DD7A-43D0-9F1F-F5DFB1EC09F3}"
EndProject
Project("{2150E333-8FDC-42A3-9474-1A3956D46DE8}") = "UnitTesting", "UnitTesting", "{ECD37FD3-2564-4952-85DC-235A7019B06A}"
EndProject
Project("{FAE04EC0-301F-11D3-BF4B-00C04F79EFBC}") = "DatabaseTasks", "DatabaseTasks\DatabaseTasks.csproj", "{E0A4F713-E79E-484B-95B5-D64BDDB99D1D}"
EndProject
Project("{FAE04EC0-301F-11D3-BF4B-00C04F79EFBC}") = "ArrayTester", "NUnit.Tests1\ArrayTester.csproj", "{8EDF4429-251A-416D-BB68-93F227191BCF}"
EndProject
Project("{2150E333-8FDC-42A3-9474-1A3956D46DE8}") = "CommsAndEvents", "CommsAndEvents", "{753EC8BB-9CC7-4DC0-9D49-651A23F08D51}"
EndProject
Project("{FAE04EC0-301F-11D3-BF4B-00C04F79EFBC}") = "EventImplementation", "EventImplementation\EventImplementation.csproj", "{A681A2E6-8555-47D7-A77F-AE474F3C8A6E}"
EndProject
Global
	GlobalSection(SolutionConfigurationPlatforms) = preSolution
		Debug|Any CPU = Debug|Any CPU
		Release|Any CPU = Release|Any CPU
	EndGlobalSection
	GlobalSection(ProjectConfigurationPlatforms) = postSolution
		{139B17E0-6008-40ED-A16D-7A1096AF47F3}.Debug|Any CPU.ActiveCfg = Debug|Any CPU
		{139B17E0-6008-40ED-A16D-7A1096AF47F3}.Debug|Any CPU.Build.0 = Debug|Any CPU
		{139B17E0-6008-40ED-A16D-7A1096AF47F3}.Release|Any CPU.ActiveCfg = Release|Any CPU
		{139B17E0-6008-40ED-A16D-7A1096AF47F3}.Release|Any CPU.Build.0 = Release|Any CPU
		{9DEED634-6E6A-431E-90DD-C45C0C334968}.Debug|Any CPU.ActiveCfg = Debug|Any CPU
		{9DEED634-6E6A-431E-90DD-C45C0C334968}.Debug|Any CPU.Build.0 = Debug|Any CPU
		{9DEED634-6E6A-431E-90DD-C45C0C334968}.Release|Any CPU.ActiveCfg = Release|Any CPU
		{9DEED634-6E6A-431E-90DD-C45C0C334968}.Release|Any CPU.Build.0 = Release|Any CPU
		{58C3AA0D-FF20-4ACF-8470-FF4B32563227}.Debug|Any CPU.ActiveCfg = Debug|Any CPU
		{58C3AA0D-FF20-4ACF-8470-FF4B32563227}.Debug|Any CPU.Build.0 = Debug|Any CPU
		{58C3AA0D-FF20-4ACF-8470-FF4B32563227}.Release|Any CPU.ActiveCfg = Release|Any CPU
		{58C3AA0D-FF20-4ACF-8470-FF4B32563227}.Release|Any CPU.Build.0 = Release|Any CPU
		{B39CB452-A453-46BB-8B79-082A7880530A}.Debug|Any CPU.ActiveCfg = Debug|Any CPU
		{B39CB452-A453-46BB-8B79-082A7880530A}.Debug|Any CPU.Build.0 = Debug|Any CPU
		{B39CB452-A453-46BB-8B79-082A7880530A}.Release|Any CPU.ActiveCfg = Release|Any CPU
		{B39CB452-A453-46BB-8B79-082A7880530A}.Release|Any CPU.Build.0 = Release|Any CPU
		{5BE770FE-8397-465D-9554-55D98E20446A}.Debug|Any CPU.ActiveCfg = Debug|Any CPU
		{5BE770FE-8397-465D-9554-55D98E20446A}.Debug|Any CPU.Build.0 = Debug|Any CPU
		{5BE770FE-8397-465D-9554-55D98E20446A}.Release|Any CPU.ActiveCfg = Release|Any CPU
		{5BE770FE-8397-465D-9554-55D98E20446A}.Release|Any CPU.Build.0 = Release|Any CPU
		{BB8ED5EE-211D-4820-923D-7D58920103B3}.Debug|Any CPU.ActiveCfg = Debug|Any CPU
		{BB8ED5EE-211D-4820-923D-7D58920103B3}.Debug|Any CPU.Build.0 = Debug|Any CPU
		{BB8ED5EE-211D-4820-923D-7D58920103B3}.Release|Any CPU.ActiveCfg = Release|Any CPU
		{BB8ED5EE-211D-4820-923D-7D58920103B3}.Release|Any CPU.Build.0 = Release|Any CPU
		{CC70CED3-560F-4974-B2AD-FA96ECCF5835}.Debug|Any CPU.ActiveCfg = Debug|Any CPU
		{CC70CED3-560F-4974-B2AD-FA96ECCF5835}.Debug|Any CPU.Build.0 = Debug|Any CPU
		{CC70CED3-560F-4974-B2AD-FA96ECCF5835}.Release|Any CPU.ActiveCfg = Release|Any CPU
		{CC70CED3-560F-4974-B2AD-FA96ECCF5835}.Release|Any CPU.Build.0 = Release|Any CPU
		{F36CAD56-4C3D-4A97-9209-2EA85BA6A371}.Debug|Any CPU.ActiveCfg = Debug|Any CPU
		{F36CAD56-4C3D-4A97-9209-2EA85BA6A371}.Debug|Any CPU.Build.0 = Debug|Any CPU
		{F36CAD56-4C3D-4A97-9209-2EA85BA6A371}.Release|Any CPU.ActiveCfg = Release|Any CPU
		{F36CAD56-4C3D-4A97-9209-2EA85BA6A371}.Release|Any CPU.Build.0 = Release|Any CPU
		{09585413-2D28-4A35-8F3C-F7F20EE2EF0B}.Debug|Any CPU.ActiveCfg = Debug|Any CPU
		{09585413-2D28-4A35-8F3C-F7F20EE2EF0B}.Debug|Any CPU.Build.0 = Debug|Any CPU
		{09585413-2D28-4A35-8F3C-F7F20EE2EF0B}.Release|Any CPU.ActiveCfg = Release|Any CPU
		{09585413-2D28-4A35-8F3C-F7F20EE2EF0B}.Release|Any CPU.Build.0 = Release|Any CPU
		{948B6E13-3A69-4338-9C73-993DB9BACA5C}.Debug|Any CPU.ActiveCfg = Debug|Any CPU
		{948B6E13-3A69-4338-9C73-993DB9BACA5C}.Debug|Any CPU.Build.0 = Debug|Any CPU
		{948B6E13-3A69-4338-9C73-993DB9BACA5C}.Release|Any CPU.ActiveCfg = Release|Any CPU
		{948B6E13-3A69-4338-9C73-993DB9BACA5C}.Release|Any CPU.Build.0 = Release|Any CPU
		{705989F2-36ED-4184-BA44-C7C88AEEE168}.Debug|Any CPU.ActiveCfg = Debug|Any CPU
		{705989F2-36ED-4184-BA44-C7C88AEEE168}.Debug|Any CPU.Build.0 = Debug|Any CPU
		{705989F2-36ED-4184-BA44-C7C88AEEE168}.Release|Any CPU.ActiveCfg = Release|Any CPU
		{705989F2-36ED-4184-BA44-C7C88AEEE168}.Release|Any CPU.Build.0 = Release|Any CPU
		{9E7B1872-C6A7-4302-A440-8DC83A58F7BD}.Debug|Any CPU.ActiveCfg = Debug|Any CPU
		{9E7B1872-C6A7-4302-A440-8DC83A58F7BD}.Debug|Any CPU.Build.0 = Debug|Any CPU
		{9E7B1872-C6A7-4302-A440-8DC83A58F7BD}.Release|Any CPU.ActiveCfg = Release|Any CPU
		{9E7B1872-C6A7-4302-A440-8DC83A58F7BD}.Release|Any CPU.Build.0 = Release|Any CPU
		{35DDDE98-7D58-4DE1-8C0D-00EE1C3B08AB}.Debug|Any CPU.ActiveCfg = Debug|Any CPU
		{35DDDE98-7D58-4DE1-8C0D-00EE1C3B08AB}.Debug|Any CPU.Build.0 = Debug|Any CPU
		{35DDDE98-7D58-4DE1-8C0D-00EE1C3B08AB}.Release|Any CPU.ActiveCfg = Release|Any CPU
		{35DDDE98-7D58-4DE1-8C0D-00EE1C3B08AB}.Release|Any CPU.Build.0 = Release|Any CPU
		{C31C90D4-76A1-4B7F-A3EF-FE9A12A3106B}.Debug|Any CPU.ActiveCfg = Debug|Any CPU
		{C31C90D4-76A1-4B7F-A3EF-FE9A12A3106B}.Debug|Any CPU.Build.0 = Debug|Any CPU
		{C31C90D4-76A1-4B7F-A3EF-FE9A12A3106B}.Release|Any CPU.ActiveCfg = Release|Any CPU
		{C31C90D4-76A1-4B7F-A3EF-FE9A12A3106B}.Release|Any CPU.Build.0 = Release|Any CPU
		{151C8A20-B579-4A2A-BACB-4750105FE04D}.Debug|Any CPU.ActiveCfg = Debug|Any CPU
		{151C8A20-B579-4A2A-BACB-4750105FE04D}.Debug|Any CPU.Build.0 = Debug|Any CPU
		{151C8A20-B579-4A2A-BACB-4750105FE04D}.Release|Any CPU.ActiveCfg = Release|Any CPU
		{151C8A20-B579-4A2A-BACB-4750105FE04D}.Release|Any CPU.Build.0 = Release|Any CPU
		{B20EB317-92CC-4423-ABF9-837829D6209D}.Debug|Any CPU.ActiveCfg = Debug|Any CPU
		{B20EB317-92CC-4423-ABF9-837829D6209D}.Debug|Any CPU.Build.0 = Debug|Any CPU
		{B20EB317-92CC-4423-ABF9-837829D6209D}.Release|Any CPU.ActiveCfg = Release|Any CPU
		{B20EB317-92CC-4423-ABF9-837829D6209D}.Release|Any CPU.Build.0 = Release|Any CPU
		{9B9F4604-E746-462B-92B1-1E108F7DC51B}.Debug|Any CPU.ActiveCfg = Debug|Any CPU
		{9B9F4604-E746-462B-92B1-1E108F7DC51B}.Debug|Any CPU.Build.0 = Debug|Any CPU
		{9B9F4604-E746-462B-92B1-1E108F7DC51B}.Release|Any CPU.ActiveCfg = Release|Any CPU
		{9B9F4604-E746-462B-92B1-1E108F7DC51B}.Release|Any CPU.Build.0 = Release|Any CPU
		{18AD35F5-E207-47B7-9CEA-60F587A30891}.Debug|Any CPU.ActiveCfg = Debug|Any CPU
		{18AD35F5-E207-47B7-9CEA-60F587A30891}.Debug|Any CPU.Build.0 = Debug|Any CPU
		{18AD35F5-E207-47B7-9CEA-60F587A30891}.Release|Any CPU.ActiveCfg = Release|Any CPU
		{18AD35F5-E207-47B7-9CEA-60F587A30891}.Release|Any CPU.Build.0 = Release|Any CPU
		{337FFDBE-136A-4110-B68E-0B05DA430033}.Debug|Any CPU.ActiveCfg = Debug|Any CPU
		{337FFDBE-136A-4110-B68E-0B05DA430033}.Debug|Any CPU.Build.0 = Debug|Any CPU
		{337FFDBE-136A-4110-B68E-0B05DA430033}.Release|Any CPU.ActiveCfg = Release|Any CPU
		{337FFDBE-136A-4110-B68E-0B05DA430033}.Release|Any CPU.Build.0 = Release|Any CPU
		{7EFAAD10-07D2-4FAD-AC0F-0C97C445B354}.Debug|Any CPU.ActiveCfg = Debug|Any CPU
		{7EFAAD10-07D2-4FAD-AC0F-0C97C445B354}.Debug|Any CPU.Build.0 = Debug|Any CPU
		{7EFAAD10-07D2-4FAD-AC0F-0C97C445B354}.Release|Any CPU.ActiveCfg = Release|Any CPU
		{7EFAAD10-07D2-4FAD-AC0F-0C97C445B354}.Release|Any CPU.Build.0 = Release|Any CPU
		{D018F1CA-7A87-43F7-B0F8-C90DFF578116}.Debug|Any CPU.ActiveCfg = Debug|Any CPU
		{D018F1CA-7A87-43F7-B0F8-C90DFF578116}.Debug|Any CPU.Build.0 = Debug|Any CPU
		{D018F1CA-7A87-43F7-B0F8-C90DFF578116}.Release|Any CPU.ActiveCfg = Release|Any CPU
		{D018F1CA-7A87-43F7-B0F8-C90DFF578116}.Release|Any CPU.Build.0 = Release|Any CPU
		{4B12BDB2-F5BD-49B4-9AF4-91D78FF438EB}.Debug|Any CPU.ActiveCfg = Debug|Any CPU
		{4B12BDB2-F5BD-49B4-9AF4-91D78FF438EB}.Debug|Any CPU.Build.0 = Debug|Any CPU
		{4B12BDB2-F5BD-49B4-9AF4-91D78FF438EB}.Release|Any CPU.ActiveCfg = Release|Any CPU
		{4B12BDB2-F5BD-49B4-9AF4-91D78FF438EB}.Release|Any CPU.Build.0 = Release|Any CPU
		{BEF068E8-57C3-4C2F-AB31-50DEA2E76A83}.Debug|Any CPU.ActiveCfg = Debug|Any CPU
		{BEF068E8-57C3-4C2F-AB31-50DEA2E76A83}.Debug|Any CPU.Build.0 = Debug|Any CPU
		{BEF068E8-57C3-4C2F-AB31-50DEA2E76A83}.Release|Any CPU.ActiveCfg = Release|Any CPU
		{BEF068E8-57C3-4C2F-AB31-50DEA2E76A83}.Release|Any CPU.Build.0 = Release|Any CPU
		{632A09CA-F861-4B68-9584-3A46A680BD1B}.Debug|Any CPU.ActiveCfg = Debug|Any CPU
		{632A09CA-F861-4B68-9584-3A46A680BD1B}.Debug|Any CPU.Build.0 = Debug|Any CPU
		{632A09CA-F861-4B68-9584-3A46A680BD1B}.Release|Any CPU.ActiveCfg = Release|Any CPU
		{632A09CA-F861-4B68-9584-3A46A680BD1B}.Release|Any CPU.Build.0 = Release|Any CPU
		{E53DA542-797E-49D0-B6C9-357D62C5BEA5}.Debug|Any CPU.ActiveCfg = Debug|Any CPU
		{E53DA542-797E-49D0-B6C9-357D62C5BEA5}.Debug|Any CPU.Build.0 = Debug|Any CPU
		{E53DA542-797E-49D0-B6C9-357D62C5BEA5}.Release|Any CPU.ActiveCfg = Release|Any CPU
		{E53DA542-797E-49D0-B6C9-357D62C5BEA5}.Release|Any CPU.Build.0 = Release|Any CPU
		{7F012308-C208-4E3D-97AA-1AB63A28AEE6}.Debug|Any CPU.ActiveCfg = Debug|Any CPU
		{7F012308-C208-4E3D-97AA-1AB63A28AEE6}.Debug|Any CPU.Build.0 = Debug|Any CPU
		{7F012308-C208-4E3D-97AA-1AB63A28AEE6}.Release|Any CPU.ActiveCfg = Release|Any CPU
		{7F012308-C208-4E3D-97AA-1AB63A28AEE6}.Release|Any CPU.Build.0 = Release|Any CPU
		{56403F2F-210D-4F01-AC6C-A31B8CBB305B}.Debug|Any CPU.ActiveCfg = Debug|Any CPU
		{56403F2F-210D-4F01-AC6C-A31B8CBB305B}.Debug|Any CPU.Build.0 = Debug|Any CPU
		{56403F2F-210D-4F01-AC6C-A31B8CBB305B}.Release|Any CPU.ActiveCfg = Release|Any CPU
		{56403F2F-210D-4F01-AC6C-A31B8CBB305B}.Release|Any CPU.Build.0 = Release|Any CPU
		{6B9565B7-DD7A-43D0-9F1F-F5DFB1EC09F3}.Debug|Any CPU.ActiveCfg = Debug|Any CPU
		{6B9565B7-DD7A-43D0-9F1F-F5DFB1EC09F3}.Debug|Any CPU.Build.0 = Debug|Any CPU
		{6B9565B7-DD7A-43D0-9F1F-F5DFB1EC09F3}.Release|Any CPU.ActiveCfg = Release|Any CPU
		{6B9565B7-DD7A-43D0-9F1F-F5DFB1EC09F3}.Release|Any CPU.Build.0 = Release|Any CPU
		{E0A4F713-E79E-484B-95B5-D64BDDB99D1D}.Debug|Any CPU.ActiveCfg = Debug|Any CPU
		{E0A4F713-E79E-484B-95B5-D64BDDB99D1D}.Debug|Any CPU.Build.0 = Debug|Any CPU
		{E0A4F713-E79E-484B-95B5-D64BDDB99D1D}.Release|Any CPU.ActiveCfg = Release|Any CPU
		{E0A4F713-E79E-484B-95B5-D64BDDB99D1D}.Release|Any CPU.Build.0 = Release|Any CPU
		{8EDF4429-251A-416D-BB68-93F227191BCF}.Debug|Any CPU.ActiveCfg = Debug|Any CPU
		{8EDF4429-251A-416D-BB68-93F227191BCF}.Debug|Any CPU.Build.0 = Debug|Any CPU
		{8EDF4429-251A-416D-BB68-93F227191BCF}.Release|Any CPU.ActiveCfg = Release|Any CPU
		{8EDF4429-251A-416D-BB68-93F227191BCF}.Release|Any CPU.Build.0 = Release|Any CPU
		{A681A2E6-8555-47D7-A77F-AE474F3C8A6E}.Debug|Any CPU.ActiveCfg = Debug|Any CPU
		{A681A2E6-8555-47D7-A77F-AE474F3C8A6E}.Debug|Any CPU.Build.0 = Debug|Any CPU
		{A681A2E6-8555-47D7-A77F-AE474F3C8A6E}.Release|Any CPU.ActiveCfg = Release|Any CPU
		{A681A2E6-8555-47D7-A77F-AE474F3C8A6E}.Release|Any CPU.Build.0 = Release|Any CPU
	EndGlobalSection
	GlobalSection(SolutionProperties) = preSolution
		HideSolutionNode = FALSE
	EndGlobalSection
	GlobalSection(NestedProjects) = preSolution
		{F36CAD56-4C3D-4A97-9209-2EA85BA6A371} = {26B588F0-2F84-412A-A0AA-6304F2268302}
		{09585413-2D28-4A35-8F3C-F7F20EE2EF0B} = {26B588F0-2F84-412A-A0AA-6304F2268302}
		{705989F2-36ED-4184-BA44-C7C88AEEE168} = {26B588F0-2F84-412A-A0AA-6304F2268302}
		{9E7B1872-C6A7-4302-A440-8DC83A58F7BD} = {26B588F0-2F84-412A-A0AA-6304F2268302}
		{B20EB317-92CC-4423-ABF9-837829D6209D} = {26B588F0-2F84-412A-A0AA-6304F2268302}
		{9B9F4604-E746-462B-92B1-1E108F7DC51B} = {C1388B77-D59B-446F-9131-F7A548A0F626}
		{7EFAAD10-07D2-4FAD-AC0F-0C97C445B354} = {0EF391AA-EEE7-465D-A17B-BCF2E86DB421}
		{D018F1CA-7A87-43F7-B0F8-C90DFF578116} = {0EF391AA-EEE7-465D-A17B-BCF2E86DB421}
		{4B12BDB2-F5BD-49B4-9AF4-91D78FF438EB} = {0EF391AA-EEE7-465D-A17B-BCF2E86DB421}
		{BEF068E8-57C3-4C2F-AB31-50DEA2E76A83} = {0EF391AA-EEE7-465D-A17B-BCF2E86DB421}
		{632A09CA-F861-4B68-9584-3A46A680BD1B} = {0EF391AA-EEE7-465D-A17B-BCF2E86DB421}
		{E53DA542-797E-49D0-B6C9-357D62C5BEA5} = {DFEB0202-C616-451F-B230-536379250730}
		{7F012308-C208-4E3D-97AA-1AB63A28AEE6} = {DFEB0202-C616-451F-B230-536379250730}
		{56403F2F-210D-4F01-AC6C-A31B8CBB305B} = {DFEB0202-C616-451F-B230-536379250730}
		{6B9565B7-DD7A-43D0-9F1F-F5DFB1EC09F3} = {DFEB0202-C616-451F-B230-536379250730}
		{E0A4F713-E79E-484B-95B5-D64BDDB99D1D} = {ECD37FD3-2564-4952-85DC-235A7019B06A}
		{8EDF4429-251A-416D-BB68-93F227191BCF} = {ECD37FD3-2564-4952-85DC-235A7019B06A}
		{A681A2E6-8555-47D7-A77F-AE474F3C8A6E} = {753EC8BB-9CC7-4DC0-9D49-651A23F08D51}
	EndGlobalSection
EndGlobal
